
Microsoft Visual Studio Solution File, Format Version 12.00
# Visual Studio 15
VisualStudioVersion = 15.0.28307.106
MinimumVisualStudioVersion = 10.0.40219.1
Project("{FAE04EC0-301F-11D3-BF4B-00C04F79EFBC}") = "GritsenkoFinalMovies", "GritsenkoFinalMovies\GritsenkoFinalMovies.csproj", "{BF29D63C-27E1-4824-981E-72FE5891161D}"
EndProject
Global
	GlobalSection(SolutionConfigurationPlatforms) = preSolution
		Debug|Any CPU = Debug|Any CPU
		Release|Any CPU = Release|Any CPU
	EndGlobalSection
	GlobalSection(ProjectConfigurationPlatforms) = postSolution
		{BF29D63C-27E1-4824-981E-72FE5891161D}.Debug|Any CPU.ActiveCfg = Debug|Any CPU
		{BF29D63C-27E1-4824-981E-72FE5891161D}.Debug|Any CPU.Build.0 = Debug|Any CPU
		{BF29D63C-27E1-4824-981E-72FE5891161D}.Release|Any CPU.ActiveCfg = Release|Any CPU
		{BF29D63C-27E1-4824-981E-72FE5891161D}.Release|Any CPU.Build.0 = Release|Any CPU
	EndGlobalSection
	GlobalSection(SolutionProperties) = preSolution
		HideSolutionNode = FALSE
	EndGlobalSection
	GlobalSection(ExtensibilityGlobals) = postSolution
		SolutionGuid = {D2E750E9-B85F-4793-A200-9150F5F821A6}
	EndGlobalSection
EndGlobal
